
Microsoft Visual Studio Solution File, Format Version 12.00
# Visual Studio 15
VisualStudioVersion = 15.0.28307.489
MinimumVisualStudioVersion = 10.0.40219.1
Project("{FAE04EC0-301F-11D3-BF4B-00C04F79EFBC}") = "MyControlsProduct", "MyControlsProduct\MyControlsProduct.csproj", "{7EFA140E-2AFD-48FA-87D3-38B359A4A0DA}"
EndProject
Global
	GlobalSection(SolutionConfigurationPlatforms) = preSolution
		Debug|Any CPU = Debug|Any CPU
		Release|Any CPU = Release|Any CPU
	EndGlobalSection
	GlobalSection(ProjectConfigurationPlatforms) = postSolution
		{7EFA140E-2AFD-48FA-87D3-38B359A4A0DA}.Debug|Any CPU.ActiveCfg = Debug|Any CPU
		{7EFA140E-2AFD-48FA-87D3-38B359A4A0DA}.Debug|Any CPU.Build.0 = Debug|Any CPU
		{7EFA140E-2AFD-48FA-87D3-38B359A4A0DA}.Release|Any CPU.ActiveCfg = Release|Any CPU
		{7EFA140E-2AFD-48FA-87D3-38B359A4A0DA}.Release|Any CPU.Build.0 = Release|Any CPU
	EndGlobalSection
	GlobalSection(SolutionProperties) = preSolution
		HideSolutionNode = FALSE
	EndGlobalSection
	GlobalSection(ExtensibilityGlobals) = postSolution
		SolutionGuid = {0554EC5E-03E2-4000-871A-4F20CF5A69C0}
	EndGlobalSection
EndGlobal
