
Microsoft Visual Studio Solution File, Format Version 12.00
# Visual Studio 15
VisualStudioVersion = 15.0.28307.489
MinimumVisualStudioVersion = 10.0.40219.1
Project("{FAE04EC0-301F-11D3-BF4B-00C04F79EFBC}") = "Table", "Table\Table.csproj", "{CB785D04-5554-47DC-8ED4-958C0D49318E}"
EndProject
Global
	GlobalSection(SolutionConfigurationPlatforms) = preSolution
		Debug|Any CPU = Debug|Any CPU
		Release|Any CPU = Release|Any CPU
	EndGlobalSection
	GlobalSection(ProjectConfigurationPlatforms) = postSolution
		{CB785D04-5554-47DC-8ED4-958C0D49318E}.Debug|Any CPU.ActiveCfg = Debug|Any CPU
		{CB785D04-5554-47DC-8ED4-958C0D49318E}.Debug|Any CPU.Build.0 = Debug|Any CPU
		{CB785D04-5554-47DC-8ED4-958C0D49318E}.Release|Any CPU.ActiveCfg = Release|Any CPU
		{CB785D04-5554-47DC-8ED4-958C0D49318E}.Release|Any CPU.Build.0 = Release|Any CPU
	EndGlobalSection
	GlobalSection(SolutionProperties) = preSolution
		HideSolutionNode = FALSE
	EndGlobalSection
	GlobalSection(ExtensibilityGlobals) = postSolution
		SolutionGuid = {F61E7A22-DDE1-4351-8A33-2812D09733FB}
	EndGlobalSection
EndGlobal
